
Microsoft Visual Studio Solution File, Format Version 12.00
# Visual Studio Version 17
VisualStudioVersion = 17.11.35303.130
MinimumVisualStudioVersion = 10.0.40219.1
Project("{FAE04EC0-301F-11D3-BF4B-00C04F79EFBC}") = "PuntodeVenta", "PuntodeVenta\PuntodeVenta.csproj", "{96F3F68A-42F7-433E-B5C1-90A591960AF3}"
EndProject
Project("{FAE04EC0-301F-11D3-BF4B-00C04F79EFBC}") = "Datos", "Datos\Datos.csproj", "{080A3509-5667-4FC6-8816-BC517E7A1B4C}"
EndProject
Project("{FAE04EC0-301F-11D3-BF4B-00C04F79EFBC}") = "Negocios", "Negocios\Negocios.csproj", "{457BD285-CC21-4424-9B65-584726623A1E}"
EndProject
Global
	GlobalSection(SolutionConfigurationPlatforms) = preSolution
		Debug|Any CPU = Debug|Any CPU
		Release|Any CPU = Release|Any CPU
	EndGlobalSection
	GlobalSection(ProjectConfigurationPlatforms) = postSolution
		{96F3F68A-42F7-433E-B5C1-90A591960AF3}.Debug|Any CPU.ActiveCfg = Debug|Any CPU
		{96F3F68A-42F7-433E-B5C1-90A591960AF3}.Debug|Any CPU.Build.0 = Debug|Any CPU
		{96F3F68A-42F7-433E-B5C1-90A591960AF3}.Release|Any CPU.ActiveCfg = Release|Any CPU
		{96F3F68A-42F7-433E-B5C1-90A591960AF3}.Release|Any CPU.Build.0 = Release|Any CPU
		{080A3509-5667-4FC6-8816-BC517E7A1B4C}.Debug|Any CPU.ActiveCfg = Debug|Any CPU
		{080A3509-5667-4FC6-8816-BC517E7A1B4C}.Debug|Any CPU.Build.0 = Debug|Any CPU
		{080A3509-5667-4FC6-8816-BC517E7A1B4C}.Release|Any CPU.ActiveCfg = Release|Any CPU
		{080A3509-5667-4FC6-8816-BC517E7A1B4C}.Release|Any CPU.Build.0 = Release|Any CPU
		{457BD285-CC21-4424-9B65-584726623A1E}.Debug|Any CPU.ActiveCfg = Debug|Any CPU
		{457BD285-CC21-4424-9B65-584726623A1E}.Debug|Any CPU.Build.0 = Debug|Any CPU
		{457BD285-CC21-4424-9B65-584726623A1E}.Release|Any CPU.ActiveCfg = Release|Any CPU
		{457BD285-CC21-4424-9B65-584726623A1E}.Release|Any CPU.Build.0 = Release|Any CPU
	EndGlobalSection
	GlobalSection(SolutionProperties) = preSolution
		HideSolutionNode = FALSE
	EndGlobalSection
	GlobalSection(ExtensibilityGlobals) = postSolution
		SolutionGuid = {F6998788-FA21-49A2-A48A-79212B4D5978}
	EndGlobalSection
EndGlobal
